// !$*UTF8*$!
{
	archiveVersion = 1;
	classes = {
	};
	objectVersion = 50;
	objects = {

/* Begin PBXBuildFile section */
		EBE388A92272D6A4000E248B /* BetterFrameUITests.m in Sources */ = {isa = PBXBuildFile; fileRef = EBE3884F2272D6A4000E248B /* BetterFrameUITests.m */; };
		EBE388AA2272D6A4000E248B /* Info.plist in Resources */ = {isa = PBXBuildFile; fileRef = EBE388502272D6A4000E248B /* Info.plist */; };
		EBE388AB2272D6A4000E248B /* BetterFrameTests.m in Sources */ = {isa = PBXBuildFile; fileRef = EBE388522272D6A4000E248B /* BetterFrameTests.m */; };
		EBE388AC2272D6A4000E248B /* Info.plist in Resources */ = {isa = PBXBuildFile; fileRef = EBE388532272D6A4000E248B /* Info.plist */; };
		EBE388AD2272D6A4000E248B /* Assets.xcassets in Resources */ = {isa = PBXBuildFile; fileRef = EBE388592272D6A4000E248B /* Assets.xcassets */; };
		EBE388AE2272D6A4000E248B /* OpenUDID.m in Sources */ = {isa = PBXBuildFile; fileRef = EBE3885C2272D6A4000E248B /* OpenUDID.m */; };
		EBE388AF2272D6A4000E248B /* UIColor+LX.m in Sources */ = {isa = PBXBuildFile; fileRef = EBE3885F2272D6A4000E248B /* UIColor+LX.m */; };
		EBE388B02272D6A4000E248B /* PPNetworkHelper.m in Sources */ = {isa = PBXBuildFile; fileRef = EBE388622272D6A4000E248B /* PPNetworkHelper.m */; };
		EBE388B12272D6A4000E248B /* HeaderModel.m in Sources */ = {isa = PBXBuildFile; fileRef = EBE388632272D6A4000E248B /* HeaderModel.m */; };
		EBE388B22272D6A4000E248B /* PPNetworkCache.m in Sources */ = {isa = PBXBuildFile; fileRef = EBE388672272D6A4000E248B /* PPNetworkCache.m */; };
		EBE388B32272D6A4000E248B /* MBProgressHUD+XY.m in Sources */ = {isa = PBXBuildFile; fileRef = EBE3886A2272D6A4000E248B /* MBProgressHUD+XY.m */; };
		EBE388B42272D6A4000E248B /* XYTransition.m in Sources */ = {isa = PBXBuildFile; fileRef = EBE3886D2272D6A4000E248B /* XYTransition.m */; };
		EBE388B52272D6A4000E248B /* AESCipher.m in Sources */ = {isa = PBXBuildFile; fileRef = EBE388702272D6A4000E248B /* AESCipher.m */; };
		EBE388B62272D6A4000E248B /* LaunchScreen.storyboard in Resources */ = {isa = PBXBuildFile; fileRef = EBE388722272D6A4000E248B /* LaunchScreen.storyboard */; };
		EBE388B72272D6A4000E248B /* Main.storyboard in Resources */ = {isa = PBXBuildFile; fileRef = EBE388742272D6A4000E248B /* Main.storyboard */; };
		EBE388B82272D6A4000E248B /* GameInfo.m in Sources */ = {isa = PBXBuildFile; fileRef = EBE388762272D6A4000E248B /* GameInfo.m */; };
		EBE388B92272D6A4000E248B /* UserManager.m in Sources */ = {isa = PBXBuildFile; fileRef = EBE388772272D6A4000E248B /* UserManager.m */; };
		EBE388BA2272D6A4000E248B /* UserInfo.m in Sources */ = {isa = PBXBuildFile; fileRef = EBE388782272D6A4000E248B /* UserInfo.m */; };
		EBE388BB2272D6A4000E248B /* main.m in Sources */ = {isa = PBXBuildFile; fileRef = EBE3887C2272D6A4000E248B /* main.m */; };
		EBE388BC2272D6A4000E248B /* AppDelegate+PushServices.m in Sources */ = {isa = PBXBuildFile; fileRef = EBE3887E2272D6A4000E248B /* AppDelegate+PushServices.m */; };
		EBE388BD2272D6A4000E248B /* AppDelegate+AppServices.m in Sources */ = {isa = PBXBuildFile; fileRef = EBE388822272D6A4000E248B /* AppDelegate+AppServices.m */; };
		EBE388BE2272D6A4000E248B /* AppDelegate.m in Sources */ = {isa = PBXBuildFile; fileRef = EBE388832272D6A4000E248B /* AppDelegate.m */; };
		EBE388BF2272D6A4000E248B /* HomeViewController.m in Sources */ = {isa = PBXBuildFile; fileRef = EBE388872272D6A4000E248B /* HomeViewController.m */; };
		EBE388C02272D6A4000E248B /* MineViewController.m in Sources */ = {isa = PBXBuildFile; fileRef = EBE3888C2272D6A4000E248B /* MineViewController.m */; };
		EBE388C12272D6A4000E248B /* login.mp4 in Resources */ = {isa = PBXBuildFile; fileRef = EBE3888F2272D6A4000E248B /* login.mp4 */; };
		EBE388C22272D6A4000E248B /* LoginViewController.m in Sources */ = {isa = PBXBuildFile; fileRef = EBE388912272D6A4000E248B /* LoginViewController.m */; };
		EBE388C32272D6A4000E248B /* ToolViewController.m in Sources */ = {isa = PBXBuildFile; fileRef = EBE388962272D6A4000E248B /* ToolViewController.m */; };
		EBE388C42272D6A4000E248B /* Info.plist in Resources */ = {isa = PBXBuildFile; fileRef = EBE388982272D6A4000E248B /* Info.plist */; };
		EBE388C52272D6A4000E248B /* RootNaviViewController.m in Sources */ = {isa = PBXBuildFile; fileRef = EBE3889B2272D6A4000E248B /* RootNaviViewController.m */; };
		EBE388C62272D6A4000E248B /* RootViewController.m in Sources */ = {isa = PBXBuildFile; fileRef = EBE3889E2272D6A4000E248B /* RootViewController.m */; };
		EBE388C72272D6A4000E248B /* XTTabBar.m in Sources */ = {isa = PBXBuildFile; fileRef = EBE388A22272D6A4000E248B /* XTTabBar.m */; };
		EBE388C82272D6A4000E248B /* UITabBar+CustomBadge.m in Sources */ = {isa = PBXBuildFile; fileRef = EBE388A52272D6A4000E248B /* UITabBar+CustomBadge.m */; };
		EBE388C92272D6A4000E248B /* MainTabBarController.m in Sources */ = {isa = PBXBuildFile; fileRef = EBE388A62272D6A4000E248B /* MainTabBarController.m */; };
		EBE388CA2272D6A4000E248B /* README.md in Resources */ = {isa = PBXBuildFile; fileRef = EBE388A82272D6A4000E248B /* README.md */; };
		EBE41E2C219438B70094C447 /* Assets.xcassets in Resources */ = {isa = PBXBuildFile; fileRef = EBE41E2B219438B70094C447 /* Assets.xcassets */; };
		EBE41E2F219438B70094C447 /* LaunchScreen.storyboard in Resources */ = {isa = PBXBuildFile; fileRef = EBE41E2D219438B70094C447 /* LaunchScreen.storyboard */; };
		EBE41E32219438B70094C447 /* main.m in Sources */ = {isa = PBXBuildFile; fileRef = EBE41E31219438B70094C447 /* main.m */; };
		EBE41E3C219438B70094C447 /* BetterFrameTests.m in Sources */ = {isa = PBXBuildFile; fileRef = EBE41E3B219438B70094C447 /* BetterFrameTests.m */; };
		EBE41E47219438B70094C447 /* BetterFrameUITests.m in Sources */ = {isa = PBXBuildFile; fileRef = EBE41E46219438B70094C447 /* BetterFrameUITests.m */; };
/* End PBXBuildFile section */

/* Begin PBXContainerItemProxy section */
		EBE41E38219438B70094C447 /* PBXContainerItemProxy */ = {
			isa = PBXContainerItemProxy;
			containerPortal = EBE41E17219438B40094C447 /* Project object */;
			proxyType = 1;
			remoteGlobalIDString = EBE41E1E219438B40094C447;
			remoteInfo = BetterFrame;
		};
		EBE41E43219438B70094C447 /* PBXContainerItemProxy */ = {
			isa = PBXContainerItemProxy;
			containerPortal = EBE41E17219438B40094C447 /* Project object */;
			proxyType = 1;
			remoteGlobalIDString = EBE41E1E219438B40094C447;
			remoteInfo = BetterFrame;
		};
/* End PBXContainerItemProxy section */

/* Begin PBXFileReference section */
		EBE3884F2272D6A4000E248B /* BetterFrameUITests.m */ = {isa = PBXFileReference; fileEncoding = 4; lastKnownFileType = sourcecode.c.objc; path = BetterFrameUITests.m; sourceTree = "<group>"; };
		EBE388502272D6A4000E248B /* Info.plist */ = {isa = PBXFileReference; fileEncoding = 4; lastKnownFileType = text.plist.xml; path = Info.plist; sourceTree = "<group>"; };
		EBE388522272D6A4000E248B /* BetterFrameTests.m */ = {isa = PBXFileReference; fileEncoding = 4; lastKnownFileType = sourcecode.c.objc; path = BetterFrameTests.m; sourceTree = "<group>"; };
		EBE388532272D6A4000E248B /* Info.plist */ = {isa = PBXFileReference; fileEncoding = 4; lastKnownFileType = text.plist.xml; path = Info.plist; sourceTree = "<group>"; };
		EBE388562272D6A4000E248B /* UtilsMacros.h */ = {isa = PBXFileReference; fileEncoding = 4; lastKnownFileType = sourcecode.c.h; path = UtilsMacros.h; sourceTree = "<group>"; };
		EBE388572272D6A4000E248B /* CommonMacros.h */ = {isa = PBXFileReference; fileEncoding = 4; lastKnownFileType = sourcecode.c.h; path = CommonMacros.h; sourceTree = "<group>"; };
		EBE388582272D6A4000E248B /* FontAndColorMacros.h */ = {isa = PBXFileReference; fileEncoding = 4; lastKnownFileType = sourcecode.c.h; path = FontAndColorMacros.h; sourceTree = "<group>"; };
		EBE388592272D6A4000E248B /* Assets.xcassets */ = {isa = PBXFileReference; lastKnownFileType = folder.assetcatalog; path = Assets.xcassets; sourceTree = "<group>"; };
		EBE3885C2272D6A4000E248B /* OpenUDID.m */ = {isa = PBXFileReference; fileEncoding = 4; lastKnownFileType = sourcecode.c.objc; path = OpenUDID.m; sourceTree = "<group>"; };
		EBE3885D2272D6A4000E248B /* OpenUDID.h */ = {isa = PBXFileReference; fileEncoding = 4; lastKnownFileType = sourcecode.c.h; path = OpenUDID.h; sourceTree = "<group>"; };
		EBE3885F2272D6A4000E248B /* UIColor+LX.m */ = {isa = PBXFileReference; fileEncoding = 4; lastKnownFileType = sourcecode.c.objc; path = "UIColor+LX.m"; sourceTree = "<group>"; };
		EBE388602272D6A4000E248B /* UIColor+LX.h */ = {isa = PBXFileReference; fileEncoding = 4; lastKnownFileType = sourcecode.c.h; path = "UIColor+LX.h"; sourceTree = "<group>"; };
		EBE388622272D6A4000E248B /* PPNetworkHelper.m */ = {isa = PBXFileReference; fileEncoding = 4; lastKnownFileType = sourcecode.c.objc; path = PPNetworkHelper.m; sourceTree = "<group>"; };
		EBE388632272D6A4000E248B /* HeaderModel.m */ = {isa = PBXFileReference; fileEncoding = 4; lastKnownFileType = sourcecode.c.objc; path = HeaderModel.m; sourceTree = "<group>"; };
		EBE388642272D6A4000E248B /* PPNetworkCache.h */ = {isa = PBXFileReference; fileEncoding = 4; lastKnownFileType = sourcecode.c.h; path = PPNetworkCache.h; sourceTree = "<group>"; };
		EBE388652272D6A4000E248B /* HeaderModel.h */ = {isa = PBXFileReference; fileEncoding = 4; lastKnownFileType = sourcecode.c.h; path = HeaderModel.h; sourceTree = "<group>"; };
		EBE388662272D6A4000E248B /* PPNetworkHelper.h */ = {isa = PBXFileReference; fileEncoding = 4; lastKnownFileType = sourcecode.c.h; path = PPNetworkHelper.h; sourceTree = "<group>"; };
		EBE388672272D6A4000E248B /* PPNetworkCache.m */ = {isa = PBXFileReference; fileEncoding = 4; lastKnownFileType = sourcecode.c.objc; path = PPNetworkCache.m; sourceTree = "<group>"; };
		EBE388692272D6A4000E248B /* MBProgressHUD+XY.h */ = {isa = PBXFileReference; fileEncoding = 4; lastKnownFileType = sourcecode.c.h; path = "MBProgressHUD+XY.h"; sourceTree = "<group>"; };
		EBE3886A2272D6A4000E248B /* MBProgressHUD+XY.m */ = {isa = PBXFileReference; fileEncoding = 4; lastKnownFileType = sourcecode.c.objc; path = "MBProgressHUD+XY.m"; sourceTree = "<group>"; };
		EBE3886C2272D6A4000E248B /* XYTransition.h */ = {isa = PBXFileReference; fileEncoding = 4; lastKnownFileType = sourcecode.c.h; path = XYTransition.h; sourceTree = "<group>"; };
		EBE3886D2272D6A4000E248B /* XYTransition.m */ = {isa = PBXFileReference; fileEncoding = 4; lastKnownFileType = sourcecode.c.objc; path = XYTransition.m; sourceTree = "<group>"; };
		EBE3886E2272D6A4000E248B /* XYTransitionProtocol.h */ = {isa = PBXFileReference; fileEncoding = 4; lastKnownFileType = sourcecode.c.h; path = XYTransitionProtocol.h; sourceTree = "<group>"; };
		EBE388702272D6A4000E248B /* AESCipher.m */ = {isa = PBXFileReference; fileEncoding = 4; lastKnownFileType = sourcecode.c.objc; path = AESCipher.m; sourceTree = "<group>"; };
		EBE388712272D6A4000E248B /* AESCipher.h */ = {isa = PBXFileReference; fileEncoding = 4; lastKnownFileType = sourcecode.c.h; path = AESCipher.h; sourceTree = "<group>"; };
		EBE388732272D6A4000E248B /* Base */ = {isa = PBXFileReference; lastKnownFileType = file.storyboard; name = Base; path = Base.lproj/LaunchScreen.storyboard; sourceTree = "<group>"; };
		EBE388742272D6A4000E248B /* Main.storyboard */ = {isa = PBXFileReference; fileEncoding = 4; lastKnownFileType = file.storyboard; path = Main.storyboard; sourceTree = "<group>"; };
		EBE388762272D6A4000E248B /* GameInfo.m */ = {isa = PBXFileReference; fileEncoding = 4; lastKnownFileType = sourcecode.c.objc; path = GameInfo.m; sourceTree = "<group>"; };
		EBE388772272D6A4000E248B /* UserManager.m */ = {isa = PBXFileReference; fileEncoding = 4; lastKnownFileType = sourcecode.c.objc; path = UserManager.m; sourceTree = "<group>"; };
		EBE388782272D6A4000E248B /* UserInfo.m */ = {isa = PBXFileReference; fileEncoding = 4; lastKnownFileType = sourcecode.c.objc; path = UserInfo.m; sourceTree = "<group>"; };
		EBE388792272D6A4000E248B /* UserManager.h */ = {isa = PBXFileReference; fileEncoding = 4; lastKnownFileType = sourcecode.c.h; path = UserManager.h; sourceTree = "<group>"; };
		EBE3887A2272D6A4000E248B /* GameInfo.h */ = {isa = PBXFileReference; fileEncoding = 4; lastKnownFileType = sourcecode.c.h; path = GameInfo.h; sourceTree = "<group>"; };
		EBE3887B2272D6A4000E248B /* UserInfo.h */ = {isa = PBXFileReference; fileEncoding = 4; lastKnownFileType = sourcecode.c.h; path = UserInfo.h; sourceTree = "<group>"; };
		EBE3887C2272D6A4000E248B /* main.m */ = {isa = PBXFileReference; fileEncoding = 4; lastKnownFileType = sourcecode.c.objc; path = main.m; sourceTree = "<group>"; };
		EBE3887E2272D6A4000E248B /* AppDelegate+PushServices.m */ = {isa = PBXFileReference; fileEncoding = 4; lastKnownFileType = sourcecode.c.objc; path = "AppDelegate+PushServices.m"; sourceTree = "<group>"; };
		EBE3887F2272D6A4000E248B /* AppDelegate.h */ = {isa = PBXFileReference; fileEncoding = 4; lastKnownFileType = sourcecode.c.h; path = AppDelegate.h; sourceTree = "<group>"; };
		EBE388802272D6A4000E248B /* AppDelegate+AppServices.h */ = {isa = PBXFileReference; fileEncoding = 4; lastKnownFileType = sourcecode.c.h; path = "AppDelegate+AppServices.h"; sourceTree = "<group>"; };
		EBE388812272D6A4000E248B /* AppDelegate+PushServices.h */ = {isa = PBXFileReference; fileEncoding = 4; lastKnownFileType = sourcecode.c.h; path = "AppDelegate+PushServices.h"; sourceTree = "<group>"; };
		EBE388822272D6A4000E248B /* AppDelegate+AppServices.m */ = {isa = PBXFileReference; fileEncoding = 4; lastKnownFileType = sourcecode.c.objc; path = "AppDelegate+AppServices.m"; sourceTree = "<group>"; };
		EBE388832272D6A4000E248B /* AppDelegate.m */ = {isa = PBXFileReference; fileEncoding = 4; lastKnownFileType = sourcecode.c.objc; path = AppDelegate.m; sourceTree = "<group>"; };
		EBE388872272D6A4000E248B /* HomeViewController.m */ = {isa = PBXFileReference; fileEncoding = 4; lastKnownFileType = sourcecode.c.objc; path = HomeViewController.m; sourceTree = "<group>"; };
		EBE388882272D6A4000E248B /* HomeViewController.h */ = {isa = PBXFileReference; fileEncoding = 4; lastKnownFileType = sourcecode.c.h; path = HomeViewController.h; sourceTree = "<group>"; };
		EBE3888B2272D6A4000E248B /* MineViewController.h */ = {isa = PBXFileReference; fileEncoding = 4; lastKnownFileType = sourcecode.c.h; path = MineViewController.h; sourceTree = "<group>"; };
		EBE3888C2272D6A4000E248B /* MineViewController.m */ = {isa = PBXFileReference; fileEncoding = 4; lastKnownFileType = sourcecode.c.objc; path = MineViewController.m; sourceTree = "<group>"; };
		EBE3888F2272D6A4000E248B /* login.mp4 */ = {isa = PBXFileReference; lastKnownFileType = file; path = login.mp4; sourceTree = "<group>"; };
		EBE388912272D6A4000E248B /* LoginViewController.m */ = {isa = PBXFileReference; fileEncoding = 4; lastKnownFileType = sourcecode.c.objc; path = LoginViewController.m; sourceTree = "<group>"; };
		EBE388922272D6A4000E248B /* LoginViewController.h */ = {isa = PBXFileReference; fileEncoding = 4; lastKnownFileType = sourcecode.c.h; path = LoginViewController.h; sourceTree = "<group>"; };
		EBE388952272D6A4000E248B /* ToolViewController.h */ = {isa = PBXFileReference; fileEncoding = 4; lastKnownFileType = sourcecode.c.h; path = ToolViewController.h; sourceTree = "<group>"; };
		EBE388962272D6A4000E248B /* ToolViewController.m */ = {isa = PBXFileReference; fileEncoding = 4; lastKnownFileType = sourcecode.c.objc; path = ToolViewController.m; sourceTree = "<group>"; };
		EBE388972272D6A4000E248B /* PrefixHeader.pch */ = {isa = PBXFileReference; fileEncoding = 4; lastKnownFileType = sourcecode.c.h; path = PrefixHeader.pch; sourceTree = "<group>"; };
		EBE388982272D6A4000E248B /* Info.plist */ = {isa = PBXFileReference; fileEncoding = 4; lastKnownFileType = text.plist.xml; path = Info.plist; sourceTree = "<group>"; };
		EBE3889B2272D6A4000E248B /* RootNaviViewController.m */ = {isa = PBXFileReference; fileEncoding = 4; lastKnownFileType = sourcecode.c.objc; path = RootNaviViewController.m; sourceTree = "<group>"; };
		EBE3889C2272D6A4000E248B /* RootNaviViewController.h */ = {isa = PBXFileReference; fileEncoding = 4; lastKnownFileType = sourcecode.c.h; path = RootNaviViewController.h; sourceTree = "<group>"; };
		EBE3889E2272D6A4000E248B /* RootViewController.m */ = {isa = PBXFileReference; fileEncoding = 4; lastKnownFileType = sourcecode.c.objc; path = RootViewController.m; sourceTree = "<group>"; };
		EBE3889F2272D6A4000E248B /* RootViewController.h */ = {isa = PBXFileReference; fileEncoding = 4; lastKnownFileType = sourcecode.c.h; path = RootViewController.h; sourceTree = "<group>"; };
		EBE388A22272D6A4000E248B /* XTTabBar.m */ = {isa = PBXFileReference; fileEncoding = 4; lastKnownFileType = sourcecode.c.objc; path = XTTabBar.m; sourceTree = "<group>"; };
		EBE388A32272D6A4000E248B /* XTTabBar.h */ = {isa = PBXFileReference; fileEncoding = 4; lastKnownFileType = sourcecode.c.h; path = XTTabBar.h; sourceTree = "<group>"; };
		EBE388A42272D6A4000E248B /* UITabBar+CustomBadge.h */ = {isa = PBXFileReference; fileEncoding = 4; lastKnownFileType = sourcecode.c.h; path = "UITabBar+CustomBadge.h"; sourceTree = "<group>"; };
		EBE388A52272D6A4000E248B /* UITabBar+CustomBadge.m */ = {isa = PBXFileReference; fileEncoding = 4; lastKnownFileType = sourcecode.c.objc; path = "UITabBar+CustomBadge.m"; sourceTree = "<group>"; };
		EBE388A62272D6A4000E248B /* MainTabBarController.m */ = {isa = PBXFileReference; fileEncoding = 4; lastKnownFileType = sourcecode.c.objc; path = MainTabBarController.m; sourceTree = "<group>"; };
		EBE388A72272D6A4000E248B /* MainTabBarController.h */ = {isa = PBXFileReference; fileEncoding = 4; lastKnownFileType = sourcecode.c.h; path = MainTabBarController.h; sourceTree = "<group>"; };
		EBE388A82272D6A4000E248B /* README.md */ = {isa = PBXFileReference; fileEncoding = 4; lastKnownFileType = net.daringfireball.markdown; path = README.md; sourceTree = SOURCE_ROOT; };
		EBE41E1F219438B40094C447 /* BetterFrame.app */ = {isa = PBXFileReference; explicitFileType = wrapper.application; includeInIndex = 0; path = BetterFrame.app; sourceTree = BUILT_PRODUCTS_DIR; };
		EBE41E2B219438B70094C447 /* Assets.xcassets */ = {isa = PBXFileReference; lastKnownFileType = folder.assetcatalog; path = Assets.xcassets; sourceTree = "<group>"; };
		EBE41E2E219438B70094C447 /* Base */ = {isa = PBXFileReference; lastKnownFileType = file.storyboard; name = Base; path = Base.lproj/LaunchScreen.storyboard; sourceTree = "<group>"; };
		EBE41E30219438B70094C447 /* Info.plist */ = {isa = PBXFileReference; lastKnownFileType = text.plist.xml; path = Info.plist; sourceTree = "<group>"; };
		EBE41E31219438B70094C447 /* main.m */ = {isa = PBXFileReference; lastKnownFileType = sourcecode.c.objc; path = main.m; sourceTree = "<group>"; };
		EBE41E37219438B70094C447 /* BetterFrameTests.xctest */ = {isa = PBXFileReference; explicitFileType = wrapper.cfbundle; includeInIndex = 0; path = BetterFrameTests.xctest; sourceTree = BUILT_PRODUCTS_DIR; };
		EBE41E3B219438B70094C447 /* BetterFrameTests.m */ = {isa = PBXFileReference; lastKnownFileType = sourcecode.c.objc; path = BetterFrameTests.m; sourceTree = "<group>"; };
		EBE41E3D219438B70094C447 /* Info.plist */ = {isa = PBXFileReference; lastKnownFileType = text.plist.xml; path = Info.plist; sourceTree = "<group>"; };
		EBE41E42219438B70094C447 /* BetterFrameUITests.xctest */ = {isa = PBXFileReference; explicitFileType = wrapper.cfbundle; includeInIndex = 0; path = BetterFrameUITests.xctest; sourceTree = BUILT_PRODUCTS_DIR; };
		EBE41E46219438B70094C447 /* BetterFrameUITests.m */ = {isa = PBXFileReference; lastKnownFileType = sourcecode.c.objc; path = BetterFrameUITests.m; sourceTree = "<group>"; };
		EBE41E48219438B70094C447 /* Info.plist */ = {isa = PBXFileReference; lastKnownFileType = text.plist.xml; path = Info.plist; sourceTree = "<group>"; };
/* End PBXFileReference section */

/* Begin PBXFrameworksBuildPhase section */
		EBE41E1C219438B40094C447 /* Frameworks */ = {
			isa = PBXFrameworksBuildPhase;
			buildActionMask = 2147483647;
			files = (
			);
			runOnlyForDeploymentPostprocessing = 0;
		};
		EBE41E34219438B70094C447 /* Frameworks */ = {
			isa = PBXFrameworksBuildPhase;
			buildActionMask = 2147483647;
			files = (
			);
			runOnlyForDeploymentPostprocessing = 0;
		};
		EBE41E3F219438B70094C447 /* Frameworks */ = {
			isa = PBXFrameworksBuildPhase;
			buildActionMask = 2147483647;
			files = (
			);
			runOnlyForDeploymentPostprocessing = 0;
		};
/* End PBXFrameworksBuildPhase section */

/* Begin PBXGroup section */
		EBE3884E2272D6A4000E248B /* BetterFrameUITests */ = {
			isa = PBXGroup;
			children = (
				EBE3884F2272D6A4000E248B /* BetterFrameUITests.m */,
				EBE388502272D6A4000E248B /* Info.plist */,
			);
			path = BetterFrameUITests;
			sourceTree = SOURCE_ROOT;
		};
		EBE388512272D6A4000E248B /* BetterFrameTests */ = {
			isa = PBXGroup;
			children = (
				EBE388522272D6A4000E248B /* BetterFrameTests.m */,
				EBE388532272D6A4000E248B /* Info.plist */,
			);
			path = BetterFrameTests;
			sourceTree = SOURCE_ROOT;
		};
		EBE388542272D6A4000E248B /* BetterFrame */ = {
			isa = PBXGroup;
			children = (
				EBE388552272D6A4000E248B /* Define */,
				EBE388592272D6A4000E248B /* Assets.xcassets */,
				EBE3885A2272D6A4000E248B /* Utils */,
				EBE388722272D6A4000E248B /* LaunchScreen.storyboard */,
				EBE388742272D6A4000E248B /* Main.storyboard */,
				EBE388752272D6A4000E248B /* Manager */,
				EBE3887C2272D6A4000E248B /* main.m */,
				EBE3887D2272D6A4000E248B /* AppDelegate */,
				EBE388842272D6A4000E248B /* Modules */,
				EBE388972272D6A4000E248B /* PrefixHeader.pch */,
				EBE388982272D6A4000E248B /* Info.plist */,
				EBE388992272D6A4000E248B /* Base */,
			);
			name = BetterFrame;
			sourceTree = "<group>";
		};
		EBE388552272D6A4000E248B /* Define */ = {
			isa = PBXGroup;
			children = (
				EBE388562272D6A4000E248B /* UtilsMacros.h */,
				EBE388572272D6A4000E248B /* CommonMacros.h */,
				EBE388582272D6A4000E248B /* FontAndColorMacros.h */,
			);
			path = Define;
			sourceTree = "<group>";
		};
		EBE3885A2272D6A4000E248B /* Utils */ = {
			isa = PBXGroup;
			children = (
				EBE3885B2272D6A4000E248B /* OpenUDID */,
				EBE3885E2272D6A4000E248B /* UIColor */,
				EBE388612272D6A4000E248B /* NetWork */,
				EBE388682272D6A4000E248B /* MBProgressHUD */,
				EBE3886B2272D6A4000E248B /* XYTransition */,
				EBE3886F2272D6A4000E248B /* AES */,
			);
			path = Utils;
			sourceTree = "<group>";
		};
		EBE3885B2272D6A4000E248B /* OpenUDID */ = {
			isa = PBXGroup;
			children = (
				EBE3885C2272D6A4000E248B /* OpenUDID.m */,
				EBE3885D2272D6A4000E248B /* OpenUDID.h */,
			);
			path = OpenUDID;
			sourceTree = "<group>";
		};
		EBE3885E2272D6A4000E248B /* UIColor */ = {
			isa = PBXGroup;
			children = (
				EBE3885F2272D6A4000E248B /* UIColor+LX.m */,
				EBE388602272D6A4000E248B /* UIColor+LX.h */,
			);
			path = UIColor;
			sourceTree = "<group>";
		};
		EBE388612272D6A4000E248B /* NetWork */ = {
			isa = PBXGroup;
			children = (
				EBE388622272D6A4000E248B /* PPNetworkHelper.m */,
				EBE388632272D6A4000E248B /* HeaderModel.m */,
				EBE388642272D6A4000E248B /* PPNetworkCache.h */,
				EBE388652272D6A4000E248B /* HeaderModel.h */,
				EBE388662272D6A4000E248B /* PPNetworkHelper.h */,
				EBE388672272D6A4000E248B /* PPNetworkCache.m */,
			);
			path = NetWork;
			sourceTree = "<group>";
		};
		EBE388682272D6A4000E248B /* MBProgressHUD */ = {
			isa = PBXGroup;
			children = (
				EBE388692272D6A4000E248B /* MBProgressHUD+XY.h */,
				EBE3886A2272D6A4000E248B /* MBProgressHUD+XY.m */,
			);
			path = MBProgressHUD;
			sourceTree = "<group>";
		};
		EBE3886B2272D6A4000E248B /* XYTransition */ = {
			isa = PBXGroup;
			children = (
				EBE3886C2272D6A4000E248B /* XYTransition.h */,
				EBE3886D2272D6A4000E248B /* XYTransition.m */,
				EBE3886E2272D6A4000E248B /* XYTransitionProtocol.h */,
			);
			path = XYTransition;
			sourceTree = "<group>";
		};
		EBE3886F2272D6A4000E248B /* AES */ = {
			isa = PBXGroup;
			children = (
				EBE388702272D6A4000E248B /* AESCipher.m */,
				EBE388712272D6A4000E248B /* AESCipher.h */,
			);
			path = AES;
			sourceTree = "<group>";
		};
		EBE388752272D6A4000E248B /* Manager */ = {
			isa = PBXGroup;
			children = (
				EBE388762272D6A4000E248B /* GameInfo.m */,
				EBE388772272D6A4000E248B /* UserManager.m */,
				EBE388782272D6A4000E248B /* UserInfo.m */,
				EBE388792272D6A4000E248B /* UserManager.h */,
				EBE3887A2272D6A4000E248B /* GameInfo.h */,
				EBE3887B2272D6A4000E248B /* UserInfo.h */,
			);
			path = Manager;
			sourceTree = "<group>";
		};
		EBE3887D2272D6A4000E248B /* AppDelegate */ = {
			isa = PBXGroup;
			children = (
				EBE3887E2272D6A4000E248B /* AppDelegate+PushServices.m */,
				EBE3887F2272D6A4000E248B /* AppDelegate.h */,
				EBE388802272D6A4000E248B /* AppDelegate+AppServices.h */,
				EBE388812272D6A4000E248B /* AppDelegate+PushServices.h */,
				EBE388822272D6A4000E248B /* AppDelegate+AppServices.m */,
				EBE388832272D6A4000E248B /* AppDelegate.m */,
			);
			path = AppDelegate;
			sourceTree = "<group>";
		};
		EBE388842272D6A4000E248B /* Modules */ = {
			isa = PBXGroup;
			children = (
				EBE388852272D6A4000E248B /* Home */,
				EBE388892272D6A4000E248B /* Mine */,
				EBE3888D2272D6A4000E248B /* Login */,
				EBE388932272D6A4000E248B /* Tool */,
			);
			path = Modules;
			sourceTree = "<group>";
		};
		EBE388852272D6A4000E248B /* Home */ = {
			isa = PBXGroup;
			children = (
				EBE388862272D6A4000E248B /* Controller */,
			);
			path = Home;
			sourceTree = "<group>";
		};
		EBE388862272D6A4000E248B /* Controller */ = {
			isa = PBXGroup;
			children = (
				EBE388872272D6A4000E248B /* HomeViewController.m */,
				EBE388882272D6A4000E248B /* HomeViewController.h */,
			);
			path = Controller;
			sourceTree = "<group>";
		};
		EBE388892272D6A4000E248B /* Mine */ = {
			isa = PBXGroup;
			children = (
				EBE3888A2272D6A4000E248B /* Controller */,
			);
			path = Mine;
			sourceTree = "<group>";
		};
		EBE3888A2272D6A4000E248B /* Controller */ = {
			isa = PBXGroup;
			children = (
				EBE3888B2272D6A4000E248B /* MineViewController.h */,
				EBE3888C2272D6A4000E248B /* MineViewController.m */,
			);
			path = Controller;
			sourceTree = "<group>";
		};
		EBE3888D2272D6A4000E248B /* Login */ = {
			isa = PBXGroup;
			children = (
				EBE3888E2272D6A4000E248B /* source */,
				EBE388902272D6A4000E248B /* Controller */,
			);
			path = Login;
			sourceTree = "<group>";
		};
		EBE3888E2272D6A4000E248B /* source */ = {
			isa = PBXGroup;
			children = (
				EBE3888F2272D6A4000E248B /* login.mp4 */,
			);
			path = source;
			sourceTree = "<group>";
		};
		EBE388902272D6A4000E248B /* Controller */ = {
			isa = PBXGroup;
			children = (
				EBE388912272D6A4000E248B /* LoginViewController.m */,
				EBE388922272D6A4000E248B /* LoginViewController.h */,
			);
			path = Controller;
			sourceTree = "<group>";
		};
		EBE388932272D6A4000E248B /* Tool */ = {
			isa = PBXGroup;
			children = (
				EBE388942272D6A4000E248B /* Controller */,
			);
			path = Tool;
			sourceTree = "<group>";
		};
		EBE388942272D6A4000E248B /* Controller */ = {
			isa = PBXGroup;
			children = (
				EBE388952272D6A4000E248B /* ToolViewController.h */,
				EBE388962272D6A4000E248B /* ToolViewController.m */,
			);
			path = Controller;
			sourceTree = "<group>";
		};
		EBE388992272D6A4000E248B /* Base */ = {
			isa = PBXGroup;
			children = (
				EBE3889A2272D6A4000E248B /* NavigationController */,
				EBE3889D2272D6A4000E248B /* RootViewController */,
				EBE388A02272D6A4000E248B /* TabBarController */,
			);
			path = Base;
			sourceTree = "<group>";
		};
		EBE3889A2272D6A4000E248B /* NavigationController */ = {
			isa = PBXGroup;
			children = (
				EBE3889B2272D6A4000E248B /* RootNaviViewController.m */,
				EBE3889C2272D6A4000E248B /* RootNaviViewController.h */,
			);
			path = NavigationController;
			sourceTree = "<group>";
		};
		EBE3889D2272D6A4000E248B /* RootViewController */ = {
			isa = PBXGroup;
			children = (
				EBE3889E2272D6A4000E248B /* RootViewController.m */,
				EBE3889F2272D6A4000E248B /* RootViewController.h */,
			);
			path = RootViewController;
			sourceTree = "<group>";
		};
		EBE388A02272D6A4000E248B /* TabBarController */ = {
			isa = PBXGroup;
			children = (
				EBE388A12272D6A4000E248B /* TabBarView */,
				EBE388A52272D6A4000E248B /* UITabBar+CustomBadge.m */,
				EBE388A62272D6A4000E248B /* MainTabBarController.m */,
				EBE388A72272D6A4000E248B /* MainTabBarController.h */,
			);
			path = TabBarController;
			sourceTree = "<group>";
		};
		EBE388A12272D6A4000E248B /* TabBarView */ = {
			isa = PBXGroup;
			children = (
				EBE388A22272D6A4000E248B /* XTTabBar.m */,
				EBE388A32272D6A4000E248B /* XTTabBar.h */,
				EBE388A42272D6A4000E248B /* UITabBar+CustomBadge.h */,
			);
			path = TabBarView;
			sourceTree = "<group>";
		};
		EBE41E16219438B40094C447 = {
			isa = PBXGroup;
			children = (
				EBE41E21219438B40094C447 /* BetterFrame */,
				EBE41E3A219438B70094C447 /* BetterFrameTests */,
				EBE41E45219438B70094C447 /* BetterFrameUITests */,
				EBE41E20219438B40094C447 /* Products */,
			);
			sourceTree = "<group>";
		};
		EBE41E20219438B40094C447 /* Products */ = {
			isa = PBXGroup;
			children = (
				EBE41E1F219438B40094C447 /* BetterFrame.app */,
				EBE41E37219438B70094C447 /* BetterFrameTests.xctest */,
				EBE41E42219438B70094C447 /* BetterFrameUITests.xctest */,
			);
			name = Products;
			sourceTree = "<group>";
		};
		EBE41E21219438B40094C447 /* BetterFrame */ = {
			isa = PBXGroup;
			children = (
				EBE388542272D6A4000E248B /* BetterFrame */,
				EBE388512272D6A4000E248B /* BetterFrameTests */,
				EBE3884E2272D6A4000E248B /* BetterFrameUITests */,
				EBE388A82272D6A4000E248B /* README.md */,
				EBE41E2B219438B70094C447 /* Assets.xcassets */,
				EBE41E2D219438B70094C447 /* LaunchScreen.storyboard */,
				EBE41E30219438B70094C447 /* Info.plist */,
				EBE41E31219438B70094C447 /* main.m */,
			);
			path = BetterFrame;
			sourceTree = "<group>";
		};
		EBE41E3A219438B70094C447 /* BetterFrameTests */ = {
			isa = PBXGroup;
			children = (
				EBE41E3B219438B70094C447 /* BetterFrameTests.m */,
				EBE41E3D219438B70094C447 /* Info.plist */,
			);
			path = BetterFrameTests;
			sourceTree = "<group>";
		};
		EBE41E45219438B70094C447 /* BetterFrameUITests */ = {
			isa = PBXGroup;
			children = (
				EBE41E46219438B70094C447 /* BetterFrameUITests.m */,
				EBE41E48219438B70094C447 /* Info.plist */,
			);
			path = BetterFrameUITests;
			sourceTree = "<group>";
		};
/* End PBXGroup section */

/* Begin PBXNativeTarget section */
		EBE41E1E219438B40094C447 /* BetterFrame */ = {
			isa = PBXNativeTarget;
			buildConfigurationList = EBE41E4B219438B70094C447 /* Build configuration list for PBXNativeTarget "BetterFrame" */;
			buildPhases = (
				EBE41E1B219438B40094C447 /* Sources */,
				EBE41E1C219438B40094C447 /* Frameworks */,
				EBE41E1D219438B40094C447 /* Resources */,
			);
			buildRules = (
			);
			dependencies = (
			);
			name = BetterFrame;
			productName = BetterFrame;
			productReference = EBE41E1F219438B40094C447 /* BetterFrame.app */;
			productType = "com.apple.product-type.application";
		};
		EBE41E36219438B70094C447 /* BetterFrameTests */ = {
			isa = PBXNativeTarget;
			buildConfigurationList = EBE41E4E219438B70094C447 /* Build configuration list for PBXNativeTarget "BetterFrameTests" */;
			buildPhases = (
				EBE41E33219438B70094C447 /* Sources */,
				EBE41E34219438B70094C447 /* Frameworks */,
				EBE41E35219438B70094C447 /* Resources */,
			);
			buildRules = (
			);
			dependencies = (
				EBE41E39219438B70094C447 /* PBXTargetDependency */,
			);
			name = BetterFrameTests;
			productName = BetterFrameTests;
			productReference = EBE41E37219438B70094C447 /* BetterFrameTests.xctest */;
			productType = "com.apple.product-type.bundle.unit-test";
		};
		EBE41E41219438B70094C447 /* BetterFrameUITests */ = {
			isa = PBXNativeTarget;
			buildConfigurationList = EBE41E51219438B70094C447 /* Build configuration list for PBXNativeTarget "BetterFrameUITests" */;
			buildPhases = (
				EBE41E3E219438B70094C447 /* Sources */,
				EBE41E3F219438B70094C447 /* Frameworks */,
				EBE41E40219438B70094C447 /* Resources */,
			);
			buildRules = (
			);
			dependencies = (
				EBE41E44219438B70094C447 /* PBXTargetDependency */,
			);
			name = BetterFrameUITests;
			productName = BetterFrameUITests;
			productReference = EBE41E42219438B70094C447 /* BetterFrameUITests.xctest */;
			productType = "com.apple.product-type.bundle.ui-testing";
		};
/* End PBXNativeTarget section */

/* Begin PBXProject section */
		EBE41E17219438B40094C447 /* Project object */ = {
			isa = PBXProject;
			attributes = {
				LastUpgradeCheck = 1010;
				ORGANIZATIONNAME = "周冠羽";
				TargetAttributes = {
					EBE41E1E219438B40094C447 = {
						CreatedOnToolsVersion = 10.1;
					};
					EBE41E36219438B70094C447 = {
						CreatedOnToolsVersion = 10.1;
						TestTargetID = EBE41E1E219438B40094C447;
					};
					EBE41E41219438B70094C447 = {
						CreatedOnToolsVersion = 10.1;
						TestTargetID = EBE41E1E219438B40094C447;
					};
				};
			};
			buildConfigurationList = EBE41E1A219438B40094C447 /* Build configuration list for PBXProject "BetterFrame" */;
			compatibilityVersion = "Xcode 9.3";
			developmentRegion = en;
			hasScannedForEncodings = 0;
			knownRegions = (
				en,
				Base,
			);
			mainGroup = EBE41E16219438B40094C447;
			productRefGroup = EBE41E20219438B40094C447 /* Products */;
			projectDirPath = "";
			projectRoot = "";
			targets = (
				EBE41E1E219438B40094C447 /* BetterFrame */,
				EBE41E36219438B70094C447 /* BetterFrameTests */,
				EBE41E41219438B70094C447 /* BetterFrameUITests */,
			);
		};
/* End PBXProject section */

/* Begin PBXResourcesBuildPhase section */
		EBE41E1D219438B40094C447 /* Resources */ = {
			isa = PBXResourcesBuildPhase;
			buildActionMask = 2147483647;
			files = (
				EBE388AA2272D6A4000E248B /* Info.plist in Resources */,
				EBE41E2F219438B70094C447 /* LaunchScreen.storyboard in Resources */,
				EBE41E2C219438B70094C447 /* Assets.xcassets in Resources */,
				EBE388B72272D6A4000E248B /* Main.storyboard in Resources */,
				EBE388C12272D6A4000E248B /* login.mp4 in Resources */,
				EBE388AC2272D6A4000E248B /* Info.plist in Resources */,
				EBE388B62272D6A4000E248B /* LaunchScreen.storyboard in Resources */,
				EBE388AD2272D6A4000E248B /* Assets.xcassets in Resources */,
				EBE388C42272D6A4000E248B /* Info.plist in Resources */,
				EBE388CA2272D6A4000E248B /* README.md in Resources */,
			);
			runOnlyForDeploymentPostprocessing = 0;
		};
		EBE41E35219438B70094C447 /* Resources */ = {
			isa = PBXResourcesBuildPhase;
			buildActionMask = 2147483647;
			files = (
			);
			runOnlyForDeploymentPostprocessing = 0;
		};
		EBE41E40219438B70094C447 /* Resources */ = {
			isa = PBXResourcesBuildPhase;
			buildActionMask = 2147483647;
			files = (
			);
			runOnlyForDeploymentPostprocessing = 0;
		};
/* End PBXResourcesBuildPhase section */

/* Begin PBXSourcesBuildPhase section */
		EBE41E1B219438B40094C447 /* Sources */ = {
			isa = PBXSourcesBuildPhase;
			buildActionMask = 2147483647;
			files = (
				EBE388BA2272D6A4000E248B /* UserInfo.m in Sources */,
				EBE388C22272D6A4000E248B /* LoginViewController.m in Sources */,
				EBE388A92272D6A4000E248B /* BetterFrameUITests.m in Sources */,
				EBE388C32272D6A4000E248B /* ToolViewController.m in Sources */,
				EBE388AB2272D6A4000E248B /* BetterFrameTests.m in Sources */,
				EBE388BE2272D6A4000E248B /* AppDelegate.m in Sources */,
				EBE388C02272D6A4000E248B /* MineViewController.m in Sources */,
				EBE388BF2272D6A4000E248B /* HomeViewController.m in Sources */,
				EBE388AF2272D6A4000E248B /* UIColor+LX.m in Sources */,
				EBE388C62272D6A4000E248B /* RootViewController.m in Sources */,
				EBE388AE2272D6A4000E248B /* OpenUDID.m in Sources */,
				EBE388B22272D6A4000E248B /* PPNetworkCache.m in Sources */,
				EBE388B12272D6A4000E248B /* HeaderModel.m in Sources */,
				EBE388BD2272D6A4000E248B /* AppDelegate+AppServices.m in Sources */,
				EBE388C72272D6A4000E248B /* XTTabBar.m in Sources */,
				EBE388B92272D6A4000E248B /* UserManager.m in Sources */,
				EBE41E32219438B70094C447 /* main.m in Sources */,
				EBE388BC2272D6A4000E248B /* AppDelegate+PushServices.m in Sources */,
				EBE388B32272D6A4000E248B /* MBProgressHUD+XY.m in Sources */,
				EBE388B82272D6A4000E248B /* GameInfo.m in Sources */,
				EBE388C52272D6A4000E248B /* RootNaviViewController.m in Sources */,
				EBE388BB2272D6A4000E248B /* main.m in Sources */,
				EBE388B42272D6A4000E248B /* XYTransition.m in Sources */,
				EBE388C82272D6A4000E248B /* UITabBar+CustomBadge.m in Sources */,
				EBE388B02272D6A4000E248B /* PPNetworkHelper.m in Sources */,
				EBE388B52272D6A4000E248B /* AESCipher.m in Sources */,
				EBE388C92272D6A4000E248B /* MainTabBarController.m in Sources */,
			);
			runOnlyForDeploymentPostprocessing = 0;
		};
		EBE41E33219438B70094C447 /* Sources */ = {
			isa = PBXSourcesBuildPhase;
			buildActionMask = 2147483647;
			files = (
				EBE41E3C219438B70094C447 /* BetterFrameTests.m in Sources */,
			);
			runOnlyForDeploymentPostprocessing = 0;
		};
		EBE41E3E219438B70094C447 /* Sources */ = {
			isa = PBXSourcesBuildPhase;
			buildActionMask = 2147483647;
			files = (
				EBE41E47219438B70094C447 /* BetterFrameUITests.m in Sources */,
			);
			runOnlyForDeploymentPostprocessing = 0;
		};
/* End PBXSourcesBuildPhase section */

/* Begin PBXTargetDependency section */
		EBE41E39219438B70094C447 /* PBXTargetDependency */ = {
			isa = PBXTargetDependency;
			target = EBE41E1E219438B40094C447 /* BetterFrame */;
			targetProxy = EBE41E38219438B70094C447 /* PBXContainerItemProxy */;
		};
		EBE41E44219438B70094C447 /* PBXTargetDependency */ = {
			isa = PBXTargetDependency;
			target = EBE41E1E219438B40094C447 /* BetterFrame */;
			targetProxy = EBE41E43219438B70094C447 /* PBXContainerItemProxy */;
		};
/* End PBXTargetDependency section */

/* Begin PBXVariantGroup section */
		EBE388722272D6A4000E248B /* LaunchScreen.storyboard */ = {
			isa = PBXVariantGroup;
			children = (
				EBE388732272D6A4000E248B /* Base */,
			);
			name = LaunchScreen.storyboard;
			sourceTree = "<group>";
		};
		EBE41E2D219438B70094C447 /* LaunchScreen.storyboard */ = {
			isa = PBXVariantGroup;
			children = (
				EBE41E2E219438B70094C447 /* Base */,
			);
			name = LaunchScreen.storyboard;
			sourceTree = "<group>";
		};
/* End PBXVariantGroup section */

/* Begin XCBuildConfiguration section */
		EBE41E49219438B70094C447 /* Debug */ = {
			isa = XCBuildConfiguration;
			buildSettings = {
				ALWAYS_SEARCH_USER_PATHS = NO;
				CLANG_ANALYZER_NONNULL = YES;
				CLANG_ANALYZER_NUMBER_OBJECT_CONVERSION = YES_AGGRESSIVE;
				CLANG_CXX_LANGUAGE_STANDARD = "gnu++14";
				CLANG_CXX_LIBRARY = "libc++";
				CLANG_ENABLE_MODULES = YES;
				CLANG_ENABLE_OBJC_ARC = YES;
				CLANG_ENABLE_OBJC_WEAK = YES;
				CLANG_WARN_BLOCK_CAPTURE_AUTORELEASING = YES;
				CLANG_WARN_BOOL_CONVERSION = YES;
				CLANG_WARN_COMMA = YES;
				CLANG_WARN_CONSTANT_CONVERSION = YES;
				CLANG_WARN_DEPRECATED_OBJC_IMPLEMENTATIONS = YES;
				CLANG_WARN_DIRECT_OBJC_ISA_USAGE = YES_ERROR;
				CLANG_WARN_DOCUMENTATION_COMMENTS = YES;
				CLANG_WARN_EMPTY_BODY = YES;
				CLANG_WARN_ENUM_CONVERSION = YES;
				CLANG_WARN_INFINITE_RECURSION = YES;
				CLANG_WARN_INT_CONVERSION = YES;
				CLANG_WARN_NON_LITERAL_NULL_CONVERSION = YES;
				CLANG_WARN_OBJC_IMPLICIT_RETAIN_SELF = YES;
				CLANG_WARN_OBJC_LITERAL_CONVERSION = YES;
				CLANG_WARN_OBJC_ROOT_CLASS = YES_ERROR;
				CLANG_WARN_RANGE_LOOP_ANALYSIS = YES;
				CLANG_WARN_STRICT_PROTOTYPES = YES;
				CLANG_WARN_SUSPICIOUS_MOVE = YES;
				CLANG_WARN_UNGUARDED_AVAILABILITY = YES_AGGRESSIVE;
				CLANG_WARN_UNREACHABLE_CODE = YES;
				CLANG_WARN__DUPLICATE_METHOD_MATCH = YES;
				CODE_SIGN_IDENTITY = "iPhone Developer";
				COPY_PHASE_STRIP = NO;
				DEBUG_INFORMATION_FORMAT = dwarf;
				ENABLE_STRICT_OBJC_MSGSEND = YES;
				ENABLE_TESTABILITY = YES;
				GCC_C_LANGUAGE_STANDARD = gnu11;
				GCC_DYNAMIC_NO_PIC = NO;
				GCC_NO_COMMON_BLOCKS = YES;
				GCC_OPTIMIZATION_LEVEL = 0;
				GCC_PREPROCESSOR_DEFINITIONS = (
					"DEBUG=1",
					"$(inherited)",
				);
				GCC_WARN_64_TO_32_BIT_CONVERSION = YES;
				GCC_WARN_ABOUT_RETURN_TYPE = YES_ERROR;
				GCC_WARN_UNDECLARED_SELECTOR = YES;
				GCC_WARN_UNINITIALIZED_AUTOS = YES_AGGRESSIVE;
				GCC_WARN_UNUSED_FUNCTION = YES;
				GCC_WARN_UNUSED_VARIABLE = YES;
				IPHONEOS_DEPLOYMENT_TARGET = 12.1;
				MTL_ENABLE_DEBUG_INFO = INCLUDE_SOURCE;
				MTL_FAST_MATH = YES;
				ONLY_ACTIVE_ARCH = YES;
				SDKROOT = iphoneos;
			};
			name = Debug;
		};
		EBE41E4A219438B70094C447 /* Release */ = {
			isa = XCBuildConfiguration;
			buildSettings = {
				ALWAYS_SEARCH_USER_PATHS = NO;
				CLANG_ANALYZER_NONNULL = YES;
				CLANG_ANALYZER_NUMBER_OBJECT_CONVERSION = YES_AGGRESSIVE;
				CLANG_CXX_LANGUAGE_STANDARD = "gnu++14";
				CLANG_CXX_LIBRARY = "libc++";
				CLANG_ENABLE_MODULES = YES;
				CLANG_ENABLE_OBJC_ARC = YES;
				CLANG_ENABLE_OBJC_WEAK = YES;
				CLANG_WARN_BLOCK_CAPTURE_AUTORELEASING = YES;
				CLANG_WARN_BOOL_CONVERSION = YES;
				CLANG_WARN_COMMA = YES;
				CLANG_WARN_CONSTANT_CONVERSION = YES;
				CLANG_WARN_DEPRECATED_OBJC_IMPLEMENTATIONS = YES;
				CLANG_WARN_DIRECT_OBJC_ISA_USAGE = YES_ERROR;
				CLANG_WARN_DOCUMENTATION_COMMENTS = YES;
				CLANG_WARN_EMPTY_BODY = YES;
				CLANG_WARN_ENUM_CONVERSION = YES;
				CLANG_WARN_INFINITE_RECURSION = YES;
				CLANG_WARN_INT_CONVERSION = YES;
				CLANG_WARN_NON_LITERAL_NULL_CONVERSION = YES;
				CLANG_WARN_OBJC_IMPLICIT_RETAIN_SELF = YES;
				CLANG_WARN_OBJC_LITERAL_CONVERSION = YES;
				CLANG_WARN_OBJC_ROOT_CLASS = YES_ERROR;
				CLANG_WARN_RANGE_LOOP_ANALYSIS = YES;
				CLANG_WARN_STRICT_PROTOTYPES = YES;
				CLANG_WARN_SUSPICIOUS_MOVE = YES;
				CLANG_WARN_UNGUARDED_AVAILABILITY = YES_AGGRESSIVE;
				CLANG_WARN_UNREACHABLE_CODE = YES;
				CLANG_WARN__DUPLICATE_METHOD_MATCH = YES;
				CODE_SIGN_IDENTITY = "iPhone Developer";
				COPY_PHASE_STRIP = NO;
				DEBUG_INFORMATION_FORMAT = "dwarf-with-dsym";
				ENABLE_NS_ASSERTIONS = NO;
				ENABLE_STRICT_OBJC_MSGSEND = YES;
				GCC_C_LANGUAGE_STANDARD = gnu11;
				GCC_NO_COMMON_BLOCKS = YES;
				GCC_WARN_64_TO_32_BIT_CONVERSION = YES;
				GCC_WARN_ABOUT_RETURN_TYPE = YES_ERROR;
				GCC_WARN_UNDECLARED_SELECTOR = YES;
				GCC_WARN_UNINITIALIZED_AUTOS = YES_AGGRESSIVE;
				GCC_WARN_UNUSED_FUNCTION = YES;
				GCC_WARN_UNUSED_VARIABLE = YES;
				IPHONEOS_DEPLOYMENT_TARGET = 12.1;
				MTL_ENABLE_DEBUG_INFO = NO;
				MTL_FAST_MATH = YES;
				SDKROOT = iphoneos;
				VALIDATE_PRODUCT = YES;
			};
			name = Release;
		};
		EBE41E4C219438B70094C447 /* Debug */ = {
			isa = XCBuildConfiguration;
			buildSettings = {
				ASSETCATALOG_COMPILER_APPICON_NAME = AppIcon;
				CODE_SIGN_STYLE = Automatic;
				DEVELOPMENT_TEAM = DM8R23298D;
				INFOPLIST_FILE = BetterFrame/Info.plist;
				LD_RUNPATH_SEARCH_PATHS = (
					"$(inherited)",
					"@executable_path/Frameworks",
				);
				PRODUCT_BUNDLE_IDENTIFIER = "-02601530-qq.com.BetterFrame";
				PRODUCT_NAME = "$(TARGET_NAME)";
				TARGETED_DEVICE_FAMILY = "1,2";
			};
			name = Debug;
		};
		EBE41E4D219438B70094C447 /* Release */ = {
			isa = XCBuildConfiguration;
			buildSettings = {
				ASSETCATALOG_COMPILER_APPICON_NAME = AppIcon;
				CODE_SIGN_STYLE = Automatic;
				DEVELOPMENT_TEAM = DM8R23298D;
				INFOPLIST_FILE = BetterFrame/Info.plist;
				LD_RUNPATH_SEARCH_PATHS = (
					"$(inherited)",
					"@executable_path/Frameworks",
				);
				PRODUCT_BUNDLE_IDENTIFIER = "-02601530-qq.com.BetterFrame";
				PRODUCT_NAME = "$(TARGET_NAME)";
				TARGETED_DEVICE_FAMILY = "1,2";
			};
			name = Release;
		};
		EBE41E4F219438B70094C447 /* Debug */ = {
			isa = XCBuildConfiguration;
			buildSettings = {
				BUNDLE_LOADER = "$(TEST_HOST)";
				CODE_SIGN_STYLE = Automatic;
				DEVELOPMENT_TEAM = PN8BT8GP72;
				INFOPLIST_FILE = BetterFrameTests/Info.plist;
				LD_RUNPATH_SEARCH_PATHS = (
					"$(inherited)",
					"@executable_path/Frameworks",
					"@loader_path/Frameworks",
				);
				PRODUCT_BUNDLE_IDENTIFIER = "-02601530-qq.com.BetterFrameTests";
				PRODUCT_NAME = "$(TARGET_NAME)";
				TARGETED_DEVICE_FAMILY = "1,2";
				TEST_HOST = "$(BUILT_PRODUCTS_DIR)/BetterFrame.app/BetterFrame";
			};
			name = Debug;
		};
		EBE41E50219438B70094C447 /* Release */ = {
			isa = XCBuildConfiguration;
			buildSettings = {
				BUNDLE_LOADER = "$(TEST_HOST)";
				CODE_SIGN_STYLE = Automatic;
				DEVELOPMENT_TEAM = PN8BT8GP72;
				INFOPLIST_FILE = BetterFrameTests/Info.plist;
				LD_RUNPATH_SEARCH_PATHS = (
					"$(inherited)",
					"@executable_path/Frameworks",
					"@loader_path/Frameworks",
				);
				PRODUCT_BUNDLE_IDENTIFIER = "-02601530-qq.com.BetterFrameTests";
				PRODUCT_NAME = "$(TARGET_NAME)";
				TARGETED_DEVICE_FAMILY = "1,2";
				TEST_HOST = "$(BUILT_PRODUCTS_DIR)/BetterFrame.app/BetterFrame";
			};
			name = Release;
		};
		EBE41E52219438B70094C447 /* Debug */ = {
			isa = XCBuildConfiguration;
			buildSettings = {
				CODE_SIGN_STYLE = Automatic;
				DEVELOPMENT_TEAM = PN8BT8GP72;
				INFOPLIST_FILE = BetterFrameUITests/Info.plist;
				LD_RUNPATH_SEARCH_PATHS = (
					"$(inherited)",
					"@executable_path/Frameworks",
					"@loader_path/Frameworks",
				);
				PRODUCT_BUNDLE_IDENTIFIER = "-02601530-qq.com.BetterFrameUITests";
				PRODUCT_NAME = "$(TARGET_NAME)";
				TARGETED_DEVICE_FAMILY = "1,2";
				TEST_TARGET_NAME = BetterFrame;
			};
			name = Debug;
		};
		EBE41E53219438B70094C447 /* Release */ = {
			isa = XCBuildConfiguration;
			buildSettings = {
				CODE_SIGN_STYLE = Automatic;
				DEVELOPMENT_TEAM = PN8BT8GP72;
				INFOPLIST_FILE = BetterFrameUITests/Info.plist;
				LD_RUNPATH_SEARCH_PATHS = (
					"$(inherited)",
					"@executable_path/Frameworks",
					"@loader_path/Frameworks",
				);
				PRODUCT_BUNDLE_IDENTIFIER = "-02601530-qq.com.BetterFrameUITests";
				PRODUCT_NAME = "$(TARGET_NAME)";
				TARGETED_DEVICE_FAMILY = "1,2";
				TEST_TARGET_NAME = BetterFrame;
			};
			name = Release;
		};
/* End XCBuildConfiguration section */

/* Begin XCConfigurationList section */
		EBE41E1A219438B40094C447 /* Build configuration list for PBXProject "BetterFrame" */ = {
			isa = XCConfigurationList;
			buildConfigurations = (
				EBE41E49219438B70094C447 /* Debug */,
				EBE41E4A219438B70094C447 /* Release */,
			);
			defaultConfigurationIsVisible = 0;
			defaultConfigurationName = Release;
		};
		EBE41E4B219438B70094C447 /* Build configuration list for PBXNativeTarget "BetterFrame" */ = {
			isa = XCConfigurationList;
			buildConfigurations = (
				EBE41E4C219438B70094C447 /* Debug */,
				EBE41E4D219438B70094C447 /* Release */,
			);
			defaultConfigurationIsVisible = 0;
			defaultConfigurationName = Release;
		};
		EBE41E4E219438B70094C447 /* Build configuration list for PBXNativeTarget "BetterFrameTests" */ = {
			isa = XCConfigurationList;
			buildConfigurations = (
				EBE41E4F219438B70094C447 /* Debug */,
				EBE41E50219438B70094C447 /* Release */,
			);
			defaultConfigurationIsVisible = 0;
			defaultConfigurationName = Release;
		};
		EBE41E51219438B70094C447 /* Build configuration list for PBXNativeTarget "BetterFrameUITests" */ = {
			isa = XCConfigurationList;
			buildConfigurations = (
				EBE41E52219438B70094C447 /* Debug */,
				EBE41E53219438B70094C447 /* Release */,
			);
			defaultConfigurationIsVisible = 0;
			defaultConfigurationName = Release;
		};
/* End XCConfigurationList section */
	};
	rootObject = EBE41E17219438B40094C447 /* Project object */;
}
